
Microsoft Visual Studio Solution File, Format Version 12.00
# Visual Studio Version 17
VisualStudioVersion = 17.1.32210.238
MinimumVisualStudioVersion = 10.0.40219.1
Project("{FAE04EC0-301F-11D3-BF4B-00C04F79EFBC}") = "RSA1.0", "RSA1.0\RSA1.0.csproj", "{D4AA6843-636E-44AF-BF9E-DE5751034F5C}"
EndProject
Global
	GlobalSection(SolutionConfigurationPlatforms) = preSolution
		Debug|Any CPU = Debug|Any CPU
		Release|Any CPU = Release|Any CPU
	EndGlobalSection
	GlobalSection(ProjectConfigurationPlatforms) = postSolution
		{D4AA6843-636E-44AF-BF9E-DE5751034F5C}.Debug|Any CPU.ActiveCfg = Debug|Any CPU
		{D4AA6843-636E-44AF-BF9E-DE5751034F5C}.Debug|Any CPU.Build.0 = Debug|Any CPU
		{D4AA6843-636E-44AF-BF9E-DE5751034F5C}.Release|Any CPU.ActiveCfg = Release|Any CPU
		{D4AA6843-636E-44AF-BF9E-DE5751034F5C}.Release|Any CPU.Build.0 = Release|Any CPU
	EndGlobalSection
	GlobalSection(SolutionProperties) = preSolution
		HideSolutionNode = FALSE
	EndGlobalSection
	GlobalSection(ExtensibilityGlobals) = postSolution
		SolutionGuid = {862D8975-2A01-496D-8F08-14C923D5D1BE}
	EndGlobalSection
EndGlobal
